
Microsoft Visual Studio Solution File, Format Version 12.00
# Visual Studio Version 17
VisualStudioVersion = 17.2.32630.192
MinimumVisualStudioVersion = 10.0.40219.1
Project("{FAE04EC0-301F-11D3-BF4B-00C04F79EFBC}") = "API", "API\API.csproj", "{FDFFB40C-BD04-40A9-8F63-2FB8EB9FB7DA}"
EndProject
Project("{FAE04EC0-301F-11D3-BF4B-00C04F79EFBC}") = "API.DATA", "API.DATA\API.DATA.csproj", "{29377B44-5398-469C-B48D-80A7398872A2}"
EndProject
Global
	GlobalSection(SolutionConfigurationPlatforms) = preSolution
		Debug|Any CPU = Debug|Any CPU
		Release|Any CPU = Release|Any CPU
	EndGlobalSection
	GlobalSection(ProjectConfigurationPlatforms) = postSolution
		{FDFFB40C-BD04-40A9-8F63-2FB8EB9FB7DA}.Debug|Any CPU.ActiveCfg = Debug|Any CPU
		{FDFFB40C-BD04-40A9-8F63-2FB8EB9FB7DA}.Debug|Any CPU.Build.0 = Debug|Any CPU
		{FDFFB40C-BD04-40A9-8F63-2FB8EB9FB7DA}.Release|Any CPU.ActiveCfg = Release|Any CPU
		{FDFFB40C-BD04-40A9-8F63-2FB8EB9FB7DA}.Release|Any CPU.Build.0 = Release|Any CPU
		{29377B44-5398-469C-B48D-80A7398872A2}.Debug|Any CPU.ActiveCfg = Debug|Any CPU
		{29377B44-5398-469C-B48D-80A7398872A2}.Debug|Any CPU.Build.0 = Debug|Any CPU
		{29377B44-5398-469C-B48D-80A7398872A2}.Release|Any CPU.ActiveCfg = Release|Any CPU
		{29377B44-5398-469C-B48D-80A7398872A2}.Release|Any CPU.Build.0 = Release|Any CPU
	EndGlobalSection
	GlobalSection(SolutionProperties) = preSolution
		HideSolutionNode = FALSE
	EndGlobalSection
	GlobalSection(ExtensibilityGlobals) = postSolution
		SolutionGuid = {89194290-A1B2-4288-9D59-0D39387CCCC1}
	EndGlobalSection
EndGlobal
